// !$*UTF8*$!
{
	archiveVersion = 1;
	classes = {
	};
	objectVersion = 46;
	objects = {

/* Begin PBXBuildFile section */
		5CAEF8A0193535C500F5EEE0 /* Foundation.framework in Frameworks */ = {isa = PBXBuildFile; fileRef = 5CAEF89F193535C500F5EEE0 /* Foundation.framework */; };
		5CAEF8A2193535C500F5EEE0 /* CoreGraphics.framework in Frameworks */ = {isa = PBXBuildFile; fileRef = 5CAEF8A1193535C500F5EEE0 /* CoreGraphics.framework */; };
		5CAEF8A4193535C500F5EEE0 /* UIKit.framework in Frameworks */ = {isa = PBXBuildFile; fileRef = 5CAEF8A3193535C500F5EEE0 /* UIKit.framework */; };
		5CAEF8AA193535C500F5EEE0 /* InfoPlist.strings in Resources */ = {isa = PBXBuildFile; fileRef = 5CAEF8A8193535C500F5EEE0 /* InfoPlist.strings */; };
		5CAEF8AC193535C500F5EEE0 /* main.m in Sources */ = {isa = PBXBuildFile; fileRef = 5CAEF8AB193535C500F5EEE0 /* main.m */; };
		5CAEF8B0193535C500F5EEE0 /* WMTAppDelegate.m in Sources */ = {isa = PBXBuildFile; fileRef = 5CAEF8AF193535C500F5EEE0 /* WMTAppDelegate.m */; };
		5CAEF8B2193535C500F5EEE0 /* Images.xcassets in Resources */ = {isa = PBXBuildFile; fileRef = 5CAEF8B1193535C500F5EEE0 /* Images.xcassets */; };
		5CAEF8B9193535C500F5EEE0 /* XCTest.framework in Frameworks */ = {isa = PBXBuildFile; fileRef = 5CAEF8B8193535C500F5EEE0 /* XCTest.framework */; };
		5CAEF8BA193535C500F5EEE0 /* Foundation.framework in Frameworks */ = {isa = PBXBuildFile; fileRef = 5CAEF89F193535C500F5EEE0 /* Foundation.framework */; };
		5CAEF8BB193535C500F5EEE0 /* UIKit.framework in Frameworks */ = {isa = PBXBuildFile; fileRef = 5CAEF8A3193535C500F5EEE0 /* UIKit.framework */; };
		5CAEF8C3193535C500F5EEE0 /* InfoPlist.strings in Resources */ = {isa = PBXBuildFile; fileRef = 5CAEF8C1193535C500F5EEE0 /* InfoPlist.strings */; };
		5CAEF8C5193535C500F5EEE0 /* ToDoListTests.m in Sources */ = {isa = PBXBuildFile; fileRef = 5CAEF8C4193535C500F5EEE0 /* ToDoListTests.m */; };
/* End PBXBuildFile section */

/* Begin PBXContainerItemProxy section */
		5CAEF8BC193535C500F5EEE0 /* PBXContainerItemProxy */ = {
			isa = PBXContainerItemProxy;
			containerPortal = 5CAEF894193535C500F5EEE0 /* Project object */;
			proxyType = 1;
			remoteGlobalIDString = 5CAEF89B193535C500F5EEE0;
			remoteInfo = ToDoList;
		};
/* End PBXContainerItemProxy section */

/* Begin PBXFileReference section */
		5CAEF89C193535C500F5EEE0 /* ToDoList.app */ = {isa = PBXFileReference; explicitFileType = wrapper.application; includeInIndex = 0; path = ToDoList.app; sourceTree = BUILT_PRODUCTS_DIR; };
		5CAEF89F193535C500F5EEE0 /* Foundation.framework */ = {isa = PBXFileReference; lastKnownFileType = wrapper.framework; name = Foundation.framework; path = System/Library/Frameworks/Foundation.framework; sourceTree = SDKROOT; };
		5CAEF8A1193535C500F5EEE0 /* CoreGraphics.framework */ = {isa = PBXFileReference; lastKnownFileType = wrapper.framework; name = CoreGraphics.framework; path = System/Library/Frameworks/CoreGraphics.framework; sourceTree = SDKROOT; };
		5CAEF8A3193535C500F5EEE0 /* UIKit.framework */ = {isa = PBXFileReference; lastKnownFileType = wrapper.framework; name = UIKit.framework; path = System/Library/Frameworks/UIKit.framework; sourceTree = SDKROOT; };
		5CAEF8A7193535C500F5EEE0 /* ToDoList-Info.plist */ = {isa = PBXFileReference; lastKnownFileType = text.plist.xml; path = "ToDoList-Info.plist"; sourceTree = "<group>"; };
		5CAEF8A9193535C500F5EEE0 /* en */ = {isa = PBXFileReference; lastKnownFileType = text.plist.strings; name = en; path = en.lproj/InfoPlist.strings; sourceTree = "<group>"; };
		5CAEF8AB193535C500F5EEE0 /* main.m */ = {isa = PBXFileReference; lastKnownFileType = sourcecode.c.objc; path = main.m; sourceTree = "<group>"; };
		5CAEF8AD193535C500F5EEE0 /* ToDoList-Prefix.pch */ = {isa = PBXFileReference; lastKnownFileType = sourcecode.c.h; path = "ToDoList-Prefix.pch"; sourceTree = "<group>"; };
		5CAEF8AE193535C500F5EEE0 /* WMTAppDelegate.h */ = {isa = PBXFileReference; lastKnownFileType = sourcecode.c.h; path = WMTAppDelegate.h; sourceTree = "<group>"; };
		5CAEF8AF193535C500F5EEE0 /* WMTAppDelegate.m */ = {isa = PBXFileReference; lastKnownFileType = sourcecode.c.objc; path = WMTAppDelegate.m; sourceTree = "<group>"; };
		5CAEF8B1193535C500F5EEE0 /* Images.xcassets */ = {isa = PBXFileReference; lastKnownFileType = folder.assetcatalog; path = Images.xcassets; sourceTree = "<group>"; };
		5CAEF8B7193535C500F5EEE0 /* ToDoListTests.xctest */ = {isa = PBXFileReference; explicitFileType = wrapper.cfbundle; includeInIndex = 0; path = ToDoListTests.xctest; sourceTree = BUILT_PRODUCTS_DIR; };
		5CAEF8B8193535C500F5EEE0 /* XCTest.framework */ = {isa = PBXFileReference; lastKnownFileType = wrapper.framework; name = XCTest.framework; path = Library/Frameworks/XCTest.framework; sourceTree = DEVELOPER_DIR; };
		5CAEF8C0193535C500F5EEE0 /* ToDoListTests-Info.plist */ = {isa = PBXFileReference; lastKnownFileType = text.plist.xml; path = "ToDoListTests-Info.plist"; sourceTree = "<group>"; };
		5CAEF8C2193535C500F5EEE0 /* en */ = {isa = PBXFileReference; lastKnownFileType = text.plist.strings; name = en; path = en.lproj/InfoPlist.strings; sourceTree = "<group>"; };
		5CAEF8C4193535C500F5EEE0 /* ToDoListTests.m */ = {isa = PBXFileReference; lastKnownFileType = sourcecode.c.objc; path = ToDoListTests.m; sourceTree = "<group>"; };
/* End PBXFileReference section */

/* Begin PBXFrameworksBuildPhase section */
		5CAEF899193535C500F5EEE0 /* Frameworks */ = {
			isa = PBXFrameworksBuildPhase;
			buildActionMask = 2147483647;
			files = (
				5CAEF8A2193535C500F5EEE0 /* CoreGraphics.framework in Frameworks */,
				5CAEF8A4193535C500F5EEE0 /* UIKit.framework in Frameworks */,
				5CAEF8A0193535C500F5EEE0 /* Foundation.framework in Frameworks */,
			);
			runOnlyForDeploymentPostprocessing = 0;
		};
		5CAEF8B4193535C500F5EEE0 /* Frameworks */ = {
			isa = PBXFrameworksBuildPhase;
			buildActionMask = 2147483647;
			files = (
				5CAEF8B9193535C500F5EEE0 /* XCTest.framework in Frameworks */,
				5CAEF8BB193535C500F5EEE0 /* UIKit.framework in Frameworks */,
				5CAEF8BA193535C500F5EEE0 /* Foundation.framework in Frameworks */,
			);
			runOnlyForDeploymentPostprocessing = 0;
		};
/* End PBXFrameworksBuildPhase section */

/* Begin PBXGroup section */
		5CAEF893193535C500F5EEE0 = {
			isa = PBXGroup;
			children = (
				5CAEF8A5193535C500F5EEE0 /* ToDoList */,
				5CAEF8BE193535C500F5EEE0 /* ToDoListTests */,
				5CAEF89E193535C500F5EEE0 /* Frameworks */,
				5CAEF89D193535C500F5EEE0 /* Products */,
			);
			sourceTree = "<group>";
		};
		5CAEF89D193535C500F5EEE0 /* Products */ = {
			isa = PBXGroup;
			children = (
				5CAEF89C193535C500F5EEE0 /* ToDoList.app */,
				5CAEF8B7193535C500F5EEE0 /* ToDoListTests.xctest */,
			);
			name = Products;
			sourceTree = "<group>";
		};
		5CAEF89E193535C500F5EEE0 /* Frameworks */ = {
			isa = PBXGroup;
			children = (
				5CAEF89F193535C500F5EEE0 /* Foundation.framework */,
				5CAEF8A1193535C500F5EEE0 /* CoreGraphics.framework */,
				5CAEF8A3193535C500F5EEE0 /* UIKit.framework */,
				5CAEF8B8193535C500F5EEE0 /* XCTest.framework */,
			);
			name = Frameworks;
			sourceTree = "<group>";
		};
		5CAEF8A5193535C500F5EEE0 /* ToDoList */ = {
			isa = PBXGroup;
			children = (
				5CAEF8AE193535C500F5EEE0 /* WMTAppDelegate.h */,
				5CAEF8AF193535C500F5EEE0 /* WMTAppDelegate.m */,
				5CAEF8B1193535C500F5EEE0 /* Images.xcassets */,
				5CAEF8A6193535C500F5EEE0 /* Supporting Files */,
			);
			path = ToDoList;
			sourceTree = "<group>";
		};
		5CAEF8A6193535C500F5EEE0 /* Supporting Files */ = {
			isa = PBXGroup;
			children = (
				5CAEF8A7193535C500F5EEE0 /* ToDoList-Info.plist */,
				5CAEF8A8193535C500F5EEE0 /* InfoPlist.strings */,
				5CAEF8AB193535C500F5EEE0 /* main.m */,
				5CAEF8AD193535C500F5EEE0 /* ToDoList-Prefix.pch */,
			);
			name = "Supporting Files";
			sourceTree = "<group>";
		};
		5CAEF8BE193535C500F5EEE0 /* ToDoListTests */ = {
			isa = PBXGroup;
			children = (
				5CAEF8C4193535C500F5EEE0 /* ToDoListTests.m */,
				5CAEF8BF193535C500F5EEE0 /* Supporting Files */,
			);
			path = ToDoListTests;
			sourceTree = "<group>";
		};
		5CAEF8BF193535C500F5EEE0 /* Supporting Files */ = {
			isa = PBXGroup;
			children = (
				5CAEF8C0193535C500F5EEE0 /* ToDoListTests-Info.plist */,
				5CAEF8C1193535C500F5EEE0 /* InfoPlist.strings */,
			);
			name = "Supporting Files";
			sourceTree = "<group>";
		};
/* End PBXGroup section */

/* Begin PBXNativeTarget section */
		5CAEF89B193535C500F5EEE0 /* ToDoList */ = {
			isa = PBXNativeTarget;
			buildConfigurationList = 5CAEF8C8193535C500F5EEE0 /* Build configuration list for PBXNativeTarget "ToDoList" */;
			buildPhases = (
				5CAEF898193535C500F5EEE0 /* Sources */,
				5CAEF899193535C500F5EEE0 /* Frameworks */,
				5CAEF89A193535C500F5EEE0 /* Resources */,
			);
			buildRules = (
			);
			dependencies = (
			);
			name = ToDoList;
			productName = ToDoList;
			productReference = 5CAEF89C193535C500F5EEE0 /* ToDoList.app */;
			productType = "com.apple.product-type.application";
		};
		5CAEF8B6193535C500F5EEE0 /* ToDoListTests */ = {
			isa = PBXNativeTarget;
			buildConfigurationList = 5CAEF8CB193535C500F5EEE0 /* Build configuration list for PBXNativeTarget "ToDoListTests" */;
			buildPhases = (
				5CAEF8B3193535C500F5EEE0 /* Sources */,
				5CAEF8B4193535C500F5EEE0 /* Frameworks */,
				5CAEF8B5193535C500F5EEE0 /* Resources */,
			);
			buildRules = (
			);
			dependencies = (
				5CAEF8BD193535C500F5EEE0 /* PBXTargetDependency */,
			);
			name = ToDoListTests;
			productName = ToDoListTests;
			productReference = 5CAEF8B7193535C500F5EEE0 /* ToDoListTests.xctest */;
			productType = "com.apple.product-type.bundle.unit-test";
		};
/* End PBXNativeTarget section */

/* Begin PBXProject section */
		5CAEF894193535C500F5EEE0 /* Project object */ = {
			isa = PBXProject;
			attributes = {
				CLASSPREFIX = WMT;
				LastUpgradeCheck = 0510;
				ORGANIZATIONNAME = "Walmart Labs";
				TargetAttributes = {
					5CAEF8B6193535C500F5EEE0 = {
						TestTargetID = 5CAEF89B193535C500F5EEE0;
					};
				};
			};
			buildConfigurationList = 5CAEF897193535C500F5EEE0 /* Build configuration list for PBXProject "ToDoList" */;
			compatibilityVersion = "Xcode 3.2";
			developmentRegion = English;
			hasScannedForEncodings = 0;
			knownRegions = (
				en,
			);
			mainGroup = 5CAEF893193535C500F5EEE0;
			productRefGroup = 5CAEF89D193535C500F5EEE0 /* Products */;
			projectDirPath = "";
			projectRoot = "";
			targets = (
				5CAEF89B193535C500F5EEE0 /* ToDoList */,
				5CAEF8B6193535C500F5EEE0 /* ToDoListTests */,
			);
		};
/* End PBXProject section */

/* Begin PBXResourcesBuildPhase section */
		5CAEF89A193535C500F5EEE0 /* Resources */ = {
			isa = PBXResourcesBuildPhase;
			buildActionMask = 2147483647;
			files = (
				5CAEF8AA193535C500F5EEE0 /* InfoPlist.strings in Resources */,
				5CAEF8B2193535C500F5EEE0 /* Images.xcassets in Resources */,
			);
			runOnlyForDeploymentPostprocessing = 0;
		};
		5CAEF8B5193535C500F5EEE0 /* Resources */ = {
			isa = PBXResourcesBuildPhase;
			buildActionMask = 2147483647;
			files = (
				5CAEF8C3193535C500F5EEE0 /* InfoPlist.strings in Resources */,
			);
			runOnlyForDeploymentPostprocessing = 0;
		};
/* End PBXResourcesBuildPhase section */

/* Begin PBXSourcesBuildPhase section */
		5CAEF898193535C500F5EEE0 /* Sources */ = {
			isa = PBXSourcesBuildPhase;
			buildActionMask = 2147483647;
			files = (
				5CAEF8AC193535C500F5EEE0 /* main.m in Sources */,
				5CAEF8B0193535C500F5EEE0 /* WMTAppDelegate.m in Sources */,
			);
			runOnlyForDeploymentPostprocessing = 0;
		};
		5CAEF8B3193535C500F5EEE0 /* Sources */ = {
			isa = PBXSourcesBuildPhase;
			buildActionMask = 2147483647;
			files = (
				5CAEF8C5193535C500F5EEE0 /* ToDoListTests.m in Sources */,
			);
			runOnlyForDeploymentPostprocessing = 0;
		};
/* End PBXSourcesBuildPhase section */

/* Begin PBXTargetDependency section */
		5CAEF8BD193535C500F5EEE0 /* PBXTargetDependency */ = {
			isa = PBXTargetDependency;
			target = 5CAEF89B193535C500F5EEE0 /* ToDoList */;
			targetProxy = 5CAEF8BC193535C500F5EEE0 /* PBXContainerItemProxy */;
		};
/* End PBXTargetDependency section */

/* Begin PBXVariantGroup section */
		5CAEF8A8193535C500F5EEE0 /* InfoPlist.strings */ = {
			isa = PBXVariantGroup;
			children = (
				5CAEF8A9193535C500F5EEE0 /* en */,
			);
			name = InfoPlist.strings;
			sourceTree = "<group>";
		};
		5CAEF8C1193535C500F5EEE0 /* InfoPlist.strings */ = {
			isa = PBXVariantGroup;
			children = (
				5CAEF8C2193535C500F5EEE0 /* en */,
			);
			name = InfoPlist.strings;
			sourceTree = "<group>";
		};
/* End PBXVariantGroup section */

/* Begin XCBuildConfiguration section */
		5CAEF8C6193535C500F5EEE0 /* Debug */ = {
			isa = XCBuildConfiguration;
			buildSettings = {
				ALWAYS_SEARCH_USER_PATHS = NO;
				CLANG_CXX_LANGUAGE_STANDARD = "gnu++0x";
				CLANG_CXX_LIBRARY = "libc++";
				CLANG_ENABLE_MODULES = YES;
				CLANG_ENABLE_OBJC_ARC = YES;
				CLANG_WARN_BOOL_CONVERSION = YES;
				CLANG_WARN_CONSTANT_CONVERSION = YES;
				CLANG_WARN_DIRECT_OBJC_ISA_USAGE = YES_ERROR;
				CLANG_WARN_EMPTY_BODY = YES;
				CLANG_WARN_ENUM_CONVERSION = YES;
				CLANG_WARN_INT_CONVERSION = YES;
				CLANG_WARN_OBJC_ROOT_CLASS = YES_ERROR;
				CLANG_WARN__DUPLICATE_METHOD_MATCH = YES;
				"CODE_SIGN_IDENTITY[sdk=iphoneos*]" = "iPhone Developer";
				COPY_PHASE_STRIP = NO;
				GCC_C_LANGUAGE_STANDARD = gnu99;
				GCC_DYNAMIC_NO_PIC = NO;
				GCC_OPTIMIZATION_LEVEL = 0;
				GCC_PREPROCESSOR_DEFINITIONS = (
					"DEBUG=1",
					"$(inherited)",
				);
				GCC_SYMBOLS_PRIVATE_EXTERN = NO;
				GCC_WARN_64_TO_32_BIT_CONVERSION = YES;
				GCC_WARN_ABOUT_RETURN_TYPE = YES_ERROR;
				GCC_WARN_UNDECLARED_SELECTOR = YES;
				GCC_WARN_UNINITIALIZED_AUTOS = YES_AGGRESSIVE;
				GCC_WARN_UNUSED_FUNCTION = YES;
				GCC_WARN_UNUSED_VARIABLE = YES;
				IPHONEOS_DEPLOYMENT_TARGET = 7.1;
				ONLY_ACTIVE_ARCH = YES;
				SDKROOT = iphoneos;
			};
			name = Debug;
		};
		5CAEF8C7193535C500F5EEE0 /* Release */ = {
			isa = XCBuildConfiguration;
			buildSettings = {
				ALWAYS_SEARCH_USER_PATHS = NO;
				CLANG_CXX_LANGUAGE_STANDARD = "gnu++0x";
				CLANG_CXX_LIBRARY = "libc++";
				CLANG_ENABLE_MODULES = YES;
				CLANG_ENABLE_OBJC_ARC = YES;
				CLANG_WARN_BOOL_CONVERSION = YES;
				CLANG_WARN_CONSTANT_CONVERSION = YES;
				CLANG_WARN_DIRECT_OBJC_ISA_USAGE = YES_ERROR;
				CLANG_WARN_EMPTY_BODY = YES;
				CLANG_WARN_ENUM_CONVERSION = YES;
				CLANG_WARN_INT_CONVERSION = YES;
				CLANG_WARN_OBJC_ROOT_CLASS = YES_ERROR;
				CLANG_WARN__DUPLICATE_METHOD_MATCH = YES;
				"CODE_SIGN_IDENTITY[sdk=iphoneos*]" = "iPhone Developer";
				COPY_PHASE_STRIP = YES;
				ENABLE_NS_ASSERTIONS = NO;
				GCC_C_LANGUAGE_STANDARD = gnu99;
				GCC_WARN_64_TO_32_BIT_CONVERSION = YES;
				GCC_WARN_ABOUT_RETURN_TYPE = YES_ERROR;
				GCC_WARN_UNDECLARED_SELECTOR = YES;
				GCC_WARN_UNINITIALIZED_AUTOS = YES_AGGRESSIVE;
				GCC_WARN_UNUSED_FUNCTION = YES;
				GCC_WARN_UNUSED_VARIABLE = YES;
				IPHONEOS_DEPLOYMENT_TARGET = 7.1;
				SDKROOT = iphoneos;
				VALIDATE_PRODUCT = YES;
			};
			name = Release;
		};
		5CAEF8C9193535C500F5EEE0 /* Debug */ = {
			isa = XCBuildConfiguration;
			buildSettings = {
				ASSETCATALOG_COMPILER_APPICON_NAME = AppIcon;
				ASSETCATALOG_COMPILER_LAUNCHIMAGE_NAME = LaunchImage;
				GCC_PRECOMPILE_PREFIX_HEADER = YES;
				GCC_PREFIX_HEADER = "ToDoList/ToDoList-Prefix.pch";
				INFOPLIST_FILE = "ToDoList/ToDoList-Info.plist";
				PRODUCT_NAME = "$(TARGET_NAME)";
				WRAPPER_EXTENSION = app;
			};
			name = Debug;
		};
		5CAEF8CA193535C500F5EEE0 /* Release */ = {
			isa = XCBuildConfiguration;
			buildSettings = {
				ASSETCATALOG_COMPILER_APPICON_NAME = AppIcon;
				ASSETCATALOG_COMPILER_LAUNCHIMAGE_NAME = LaunchImage;
				GCC_PRECOMPILE_PREFIX_HEADER = YES;
				GCC_PREFIX_HEADER = "ToDoList/ToDoList-Prefix.pch";
				INFOPLIST_FILE = "ToDoList/ToDoList-Info.plist";
				PRODUCT_NAME = "$(TARGET_NAME)";
				WRAPPER_EXTENSION = app;
			};
			name = Release;
		};
		5CAEF8CC193535C500F5EEE0 /* Debug */ = {
			isa = XCBuildConfiguration;
			buildSettings = {
				BUNDLE_LOADER = "$(BUILT_PRODUCTS_DIR)/ToDoList.app/ToDoList";
				FRAMEWORK_SEARCH_PATHS = (
					"$(SDKROOT)/Developer/Library/Frameworks",
					"$(inherited)",
					"$(DEVELOPER_FRAMEWORKS_DIR)",
				);
				GCC_PRECOMPILE_PREFIX_HEADER = YES;
				GCC_PREFIX_HEADER = "ToDoList/ToDoList-Prefix.pch";
				GCC_PREPROCESSOR_DEFINITIONS = (
					"DEBUG=1",
					"$(inherited)",
				);
				INFOPLIST_FILE = "ToDoListTests/ToDoListTests-Info.plist";
				PRODUCT_NAME = "$(TARGET_NAME)";
				TEST_HOST = "$(BUNDLE_LOADER)";
				WRAPPER_EXTENSION = xctest;
			};
			name = Debug;
		};
		5CAEF8CD193535C500F5EEE0 /* Release */ = {
			isa = XCBuildConfiguration;
			buildSettings = {
				BUNDLE_LOADER = "$(BUILT_PRODUCTS_DIR)/ToDoList.app/ToDoList";
				FRAMEWORK_SEARCH_PATHS = (
					"$(SDKROOT)/Developer/Library/Frameworks",
					"$(inherited)",
					"$(DEVELOPER_FRAMEWORKS_DIR)",
				);
				GCC_PRECOMPILE_PREFIX_HEADER = YES;
				GCC_PREFIX_HEADER = "ToDoList/ToDoList-Prefix.pch";
				INFOPLIST_FILE = "ToDoListTests/ToDoListTests-Info.plist";
				PRODUCT_NAME = "$(TARGET_NAME)";
				TEST_HOST = "$(BUNDLE_LOADER)";
				WRAPPER_EXTENSION = xctest;
			};
			name = Release;
		};
/* End XCBuildConfiguration section */

/* Begin XCConfigurationList section */
		5CAEF897193535C500F5EEE0 /* Build configuration list for PBXProject "ToDoList" */ = {
			isa = XCConfigurationList;
			buildConfigurations = (
				5CAEF8C6193535C500F5EEE0 /* Debug */,
				5CAEF8C7193535C500F5EEE0 /* Release */,
			);
			defaultConfigurationIsVisible = 0;
			defaultConfigurationName = Release;
		};
		5CAEF8C8193535C500F5EEE0 /* Build configuration list for PBXNativeTarget "ToDoList" */ = {
			isa = XCConfigurationList;
			buildConfigurations = (
				5CAEF8C9193535C500F5EEE0 /* Debug */,
				5CAEF8CA193535C500F5EEE0 /* Release */,
			);
			defaultConfigurationIsVisible = 0;
		};
		5CAEF8CB193535C500F5EEE0 /* Build configuration list for PBXNativeTarget "ToDoListTests" */ = {
			isa = XCConfigurationList;
			buildConfigurations = (
				5CAEF8CC193535C500F5EEE0 /* Debug */,
				5CAEF8CD193535C500F5EEE0 /* Release */,
			);
			defaultConfigurationIsVisible = 0;
		};
/* End XCConfigurationList section */
	};
	rootObject = 5CAEF894193535C500F5EEE0 /* Project object */;
}
